// !$*UTF8*$!
{
	archiveVersion = 1;
	classes = {
	};
	objectVersion = 46;
	objects = {

/* Begin PBXBuildFile section */
		8AB8CD2F198D6B6400CEA0CD /* Foundation.framework in Frameworks */ = {isa = PBXBuildFile; fileRef = 8AB8CD2E198D6B6400CEA0CD /* Foundation.framework */; };
		8AB8CD31198D6B6400CEA0CD /* CoreGraphics.framework in Frameworks */ = {isa = PBXBuildFile; fileRef = 8AB8CD30198D6B6400CEA0CD /* CoreGraphics.framework */; };
		8AB8CD33198D6B6400CEA0CD /* UIKit.framework in Frameworks */ = {isa = PBXBuildFile; fileRef = 8AB8CD32198D6B6400CEA0CD /* UIKit.framework */; };
		8AB8CD39198D6B6400CEA0CD /* InfoPlist.strings in Resources */ = {isa = PBXBuildFile; fileRef = 8AB8CD37198D6B6400CEA0CD /* InfoPlist.strings */; };
		8AB8CD3B198D6B6400CEA0CD /* main.m in Sources */ = {isa = PBXBuildFile; fileRef = 8AB8CD3A198D6B6400CEA0CD /* main.m */; };
		8AB8CD3F198D6B6400CEA0CD /* DMMAppDelegate.m in Sources */ = {isa = PBXBuildFile; fileRef = 8AB8CD3E198D6B6400CEA0CD /* DMMAppDelegate.m */; };
		8AB8CD42198D6B6400CEA0CD /* Main.storyboard in Resources */ = {isa = PBXBuildFile; fileRef = 8AB8CD40198D6B6400CEA0CD /* Main.storyboard */; };
		8AB8CD45198D6B6400CEA0CD /* DMMViewController.m in Sources */ = {isa = PBXBuildFile; fileRef = 8AB8CD44198D6B6400CEA0CD /* DMMViewController.m */; };
		8AB8CD47198D6B6400CEA0CD /* Images.xcassets in Resources */ = {isa = PBXBuildFile; fileRef = 8AB8CD46198D6B6400CEA0CD /* Images.xcassets */; };
		8AB8CD4E198D6B6500CEA0CD /* XCTest.framework in Frameworks */ = {isa = PBXBuildFile; fileRef = 8AB8CD4D198D6B6500CEA0CD /* XCTest.framework */; };
		8AB8CD4F198D6B6500CEA0CD /* Foundation.framework in Frameworks */ = {isa = PBXBuildFile; fileRef = 8AB8CD2E198D6B6400CEA0CD /* Foundation.framework */; };
		8AB8CD50198D6B6500CEA0CD /* UIKit.framework in Frameworks */ = {isa = PBXBuildFile; fileRef = 8AB8CD32198D6B6400CEA0CD /* UIKit.framework */; };
		8AB8CD58198D6B6500CEA0CD /* InfoPlist.strings in Resources */ = {isa = PBXBuildFile; fileRef = 8AB8CD56198D6B6500CEA0CD /* InfoPlist.strings */; };
		8AB8CD5A198D6B6500CEA0CD /* SampleTests.m in Sources */ = {isa = PBXBuildFile; fileRef = 8AB8CD59198D6B6500CEA0CD /* SampleTests.m */; };
/* End PBXBuildFile section */

/* Begin PBXContainerItemProxy section */
		8AB8CD51198D6B6500CEA0CD /* PBXContainerItemProxy */ = {
			isa = PBXContainerItemProxy;
			containerPortal = 8AB8CD23198D6B6400CEA0CD /* Project object */;
			proxyType = 1;
			remoteGlobalIDString = 8AB8CD2A198D6B6400CEA0CD;
			remoteInfo = Sample;
		};
/* End PBXContainerItemProxy section */

/* Begin PBXFileReference section */
		8AB8CD2B198D6B6400CEA0CD /* Sample.app */ = {isa = PBXFileReference; explicitFileType = wrapper.application; includeInIndex = 0; path = Sample.app; sourceTree = BUILT_PRODUCTS_DIR; };
		8AB8CD2E198D6B6400CEA0CD /* Foundation.framework */ = {isa = PBXFileReference; lastKnownFileType = wrapper.framework; name = Foundation.framework; path = System/Library/Frameworks/Foundation.framework; sourceTree = SDKROOT; };
		8AB8CD30198D6B6400CEA0CD /* CoreGraphics.framework */ = {isa = PBXFileReference; lastKnownFileType = wrapper.framework; name = CoreGraphics.framework; path = System/Library/Frameworks/CoreGraphics.framework; sourceTree = SDKROOT; };
		8AB8CD32198D6B6400CEA0CD /* UIKit.framework */ = {isa = PBXFileReference; lastKnownFileType = wrapper.framework; name = UIKit.framework; path = System/Library/Frameworks/UIKit.framework; sourceTree = SDKROOT; };
		8AB8CD36198D6B6400CEA0CD /* Sample-Info.plist */ = {isa = PBXFileReference; lastKnownFileType = text.plist.xml; path = "Sample-Info.plist"; sourceTree = "<group>"; };
		8AB8CD38198D6B6400CEA0CD /* en */ = {isa = PBXFileReference; lastKnownFileType = text.plist.strings; name = en; path = en.lproj/InfoPlist.strings; sourceTree = "<group>"; };
		8AB8CD3A198D6B6400CEA0CD /* main.m */ = {isa = PBXFileReference; lastKnownFileType = sourcecode.c.objc; path = main.m; sourceTree = "<group>"; };
		8AB8CD3C198D6B6400CEA0CD /* Sample-Prefix.pch */ = {isa = PBXFileReference; lastKnownFileType = sourcecode.c.h; path = "Sample-Prefix.pch"; sourceTree = "<group>"; };
		8AB8CD3D198D6B6400CEA0CD /* DMMAppDelegate.h */ = {isa = PBXFileReference; lastKnownFileType = sourcecode.c.h; path = DMMAppDelegate.h; sourceTree = "<group>"; };
		8AB8CD3E198D6B6400CEA0CD /* DMMAppDelegate.m */ = {isa = PBXFileReference; lastKnownFileType = sourcecode.c.objc; path = DMMAppDelegate.m; sourceTree = "<group>"; };
		8AB8CD41198D6B6400CEA0CD /* Base */ = {isa = PBXFileReference; lastKnownFileType = file.storyboard; name = Base; path = Base.lproj/Main.storyboard; sourceTree = "<group>"; };
		8AB8CD43198D6B6400CEA0CD /* DMMViewController.h */ = {isa = PBXFileReference; lastKnownFileType = sourcecode.c.h; path = DMMViewController.h; sourceTree = "<group>"; };
		8AB8CD44198D6B6400CEA0CD /* DMMViewController.m */ = {isa = PBXFileReference; lastKnownFileType = sourcecode.c.objc; path = DMMViewController.m; sourceTree = "<group>"; };
		8AB8CD46198D6B6400CEA0CD /* Images.xcassets */ = {isa = PBXFileReference; lastKnownFileType = folder.assetcatalog; path = Images.xcassets; sourceTree = "<group>"; };
		8AB8CD4C198D6B6500CEA0CD /* SampleTests.xctest */ = {isa = PBXFileReference; explicitFileType = wrapper.cfbundle; includeInIndex = 0; path = SampleTests.xctest; sourceTree = BUILT_PRODUCTS_DIR; };
		8AB8CD4D198D6B6500CEA0CD /* XCTest.framework */ = {isa = PBXFileReference; lastKnownFileType = wrapper.framework; name = XCTest.framework; path = Library/Frameworks/XCTest.framework; sourceTree = DEVELOPER_DIR; };
		8AB8CD55198D6B6500CEA0CD /* SampleTests-Info.plist */ = {isa = PBXFileReference; lastKnownFileType = text.plist.xml; path = "SampleTests-Info.plist"; sourceTree = "<group>"; };
		8AB8CD57198D6B6500CEA0CD /* en */ = {isa = PBXFileReference; lastKnownFileType = text.plist.strings; name = en; path = en.lproj/InfoPlist.strings; sourceTree = "<group>"; };
		8AB8CD59198D6B6500CEA0CD /* SampleTests.m */ = {isa = PBXFileReference; lastKnownFileType = sourcecode.c.objc; path = SampleTests.m; sourceTree = "<group>"; };
/* End PBXFileReference section */

/* Begin PBXFrameworksBuildPhase section */
		8AB8CD28198D6B6400CEA0CD /* Frameworks */ = {
			isa = PBXFrameworksBuildPhase;
			buildActionMask = 2147483647;
			files = (
				8AB8CD31198D6B6400CEA0CD /* CoreGraphics.framework in Frameworks */,
				8AB8CD33198D6B6400CEA0CD /* UIKit.framework in Frameworks */,
				8AB8CD2F198D6B6400CEA0CD /* Foundation.framework in Frameworks */,
			);
			runOnlyForDeploymentPostprocessing = 0;
		};
		8AB8CD49198D6B6500CEA0CD /* Frameworks */ = {
			isa = PBXFrameworksBuildPhase;
			buildActionMask = 2147483647;
			files = (
				8AB8CD4E198D6B6500CEA0CD /* XCTest.framework in Frameworks */,
				8AB8CD50198D6B6500CEA0CD /* UIKit.framework in Frameworks */,
				8AB8CD4F198D6B6500CEA0CD /* Foundation.framework in Frameworks */,
			);
			runOnlyForDeploymentPostprocessing = 0;
		};
/* End PBXFrameworksBuildPhase section */

/* Begin PBXGroup section */
		8AB8CD22198D6B6400CEA0CD = {
			isa = PBXGroup;
			children = (
				8AB8CD34198D6B6400CEA0CD /* Sample */,
				8AB8CD53198D6B6500CEA0CD /* SampleTests */,
				8AB8CD2D198D6B6400CEA0CD /* Frameworks */,
				8AB8CD2C198D6B6400CEA0CD /* Products */,
			);
			sourceTree = "<group>";
		};
		8AB8CD2C198D6B6400CEA0CD /* Products */ = {
			isa = PBXGroup;
			children = (
				8AB8CD2B198D6B6400CEA0CD /* Sample.app */,
				8AB8CD4C198D6B6500CEA0CD /* SampleTests.xctest */,
			);
			name = Products;
			sourceTree = "<group>";
		};
		8AB8CD2D198D6B6400CEA0CD /* Frameworks */ = {
			isa = PBXGroup;
			children = (
				8AB8CD2E198D6B6400CEA0CD /* Foundation.framework */,
				8AB8CD30198D6B6400CEA0CD /* CoreGraphics.framework */,
				8AB8CD32198D6B6400CEA0CD /* UIKit.framework */,
				8AB8CD4D198D6B6500CEA0CD /* XCTest.framework */,
			);
			name = Frameworks;
			sourceTree = "<group>";
		};
		8AB8CD34198D6B6400CEA0CD /* Sample */ = {
			isa = PBXGroup;
			children = (
				8AB8CD3D198D6B6400CEA0CD /* DMMAppDelegate.h */,
				8AB8CD3E198D6B6400CEA0CD /* DMMAppDelegate.m */,
				8AB8CD40198D6B6400CEA0CD /* Main.storyboard */,
				8AB8CD43198D6B6400CEA0CD /* DMMViewController.h */,
				8AB8CD44198D6B6400CEA0CD /* DMMViewController.m */,
				8AB8CD46198D6B6400CEA0CD /* Images.xcassets */,
				8AB8CD35198D6B6400CEA0CD /* Supporting Files */,
			);
			path = Sample;
			sourceTree = "<group>";
		};
		8AB8CD35198D6B6400CEA0CD /* Supporting Files */ = {
			isa = PBXGroup;
			children = (
				8AB8CD36198D6B6400CEA0CD /* Sample-Info.plist */,
				8AB8CD37198D6B6400CEA0CD /* InfoPlist.strings */,
				8AB8CD3A198D6B6400CEA0CD /* main.m */,
				8AB8CD3C198D6B6400CEA0CD /* Sample-Prefix.pch */,
			);
			name = "Supporting Files";
			sourceTree = "<group>";
		};
		8AB8CD53198D6B6500CEA0CD /* SampleTests */ = {
			isa = PBXGroup;
			children = (
				8AB8CD59198D6B6500CEA0CD /* SampleTests.m */,
				8AB8CD54198D6B6500CEA0CD /* Supporting Files */,
			);
			path = SampleTests;
			sourceTree = "<group>";
		};
		8AB8CD54198D6B6500CEA0CD /* Supporting Files */ = {
			isa = PBXGroup;
			children = (
				8AB8CD55198D6B6500CEA0CD /* SampleTests-Info.plist */,
				8AB8CD56198D6B6500CEA0CD /* InfoPlist.strings */,
			);
			name = "Supporting Files";
			sourceTree = "<group>";
		};
/* End PBXGroup section */

/* Begin PBXNativeTarget section */
		8AB8CD2A198D6B6400CEA0CD /* Sample */ = {
			isa = PBXNativeTarget;
			buildConfigurationList = 8AB8CD5D198D6B6500CEA0CD /* Build configuration list for PBXNativeTarget "Sample" */;
			buildPhases = (
				8AB8CD27198D6B6400CEA0CD /* Sources */,
				8AB8CD28198D6B6400CEA0CD /* Frameworks */,
				8AB8CD29198D6B6400CEA0CD /* Resources */,
			);
			buildRules = (
			);
			dependencies = (
			);
			name = Sample;
			productName = Sample;
			productReference = 8AB8CD2B198D6B6400CEA0CD /* Sample.app */;
			productType = "com.apple.product-type.application";
		};
		8AB8CD4B198D6B6500CEA0CD /* SampleTests */ = {
			isa = PBXNativeTarget;
			buildConfigurationList = 8AB8CD60198D6B6500CEA0CD /* Build configuration list for PBXNativeTarget "SampleTests" */;
			buildPhases = (
				8AB8CD48198D6B6500CEA0CD /* Sources */,
				8AB8CD49198D6B6500CEA0CD /* Frameworks */,
				8AB8CD4A198D6B6500CEA0CD /* Resources */,
			);
			buildRules = (
			);
			dependencies = (
				8AB8CD52198D6B6500CEA0CD /* PBXTargetDependency */,
			);
			name = SampleTests;
			productName = SampleTests;
			productReference = 8AB8CD4C198D6B6500CEA0CD /* SampleTests.xctest */;
			productType = "com.apple.product-type.bundle.unit-test";
		};
/* End PBXNativeTarget section */

/* Begin PBXProject section */
		8AB8CD23198D6B6400CEA0CD /* Project object */ = {
			isa = PBXProject;
			attributes = {
				CLASSPREFIX = DMM;
				LastUpgradeCheck = 0510;
				ORGANIZATIONNAME = "Delisa Mason";
				TargetAttributes = {
					8AB8CD4B198D6B6500CEA0CD = {
						TestTargetID = 8AB8CD2A198D6B6400CEA0CD;
					};
				};
			};
			buildConfigurationList = 8AB8CD26198D6B6400CEA0CD /* Build configuration list for PBXProject "Sample" */;
			compatibilityVersion = "Xcode 3.2";
			developmentRegion = English;
			hasScannedForEncodings = 0;
			knownRegions = (
				en,
				Base,
			);
			mainGroup = 8AB8CD22198D6B6400CEA0CD;
			productRefGroup = 8AB8CD2C198D6B6400CEA0CD /* Products */;
			projectDirPath = "";
			projectRoot = "";
			targets = (
				8AB8CD2A198D6B6400CEA0CD /* Sample */,
				8AB8CD4B198D6B6500CEA0CD /* SampleTests */,
			);
		};
/* End PBXProject section */

/* Begin PBXResourcesBuildPhase section */
		8AB8CD29198D6B6400CEA0CD /* Resources */ = {
			isa = PBXResourcesBuildPhase;
			buildActionMask = 2147483647;
			files = (
				8AB8CD47198D6B6400CEA0CD /* Images.xcassets in Resources */,
				8AB8CD39198D6B6400CEA0CD /* InfoPlist.strings in Resources */,
				8AB8CD42198D6B6400CEA0CD /* Main.storyboard in Resources */,
			);
			runOnlyForDeploymentPostprocessing = 0;
		};
		8AB8CD4A198D6B6500CEA0CD /* Resources */ = {
			isa = PBXResourcesBuildPhase;
			buildActionMask = 2147483647;
			files = (
				8AB8CD58198D6B6500CEA0CD /* InfoPlist.strings in Resources */,
			);
			runOnlyForDeploymentPostprocessing = 0;
		};
/* End PBXResourcesBuildPhase section */

/* Begin PBXSourcesBuildPhase section */
		8AB8CD27198D6B6400CEA0CD /* Sources */ = {
			isa = PBXSourcesBuildPhase;
			buildActionMask = 2147483647;
			files = (
				8AB8CD45198D6B6400CEA0CD /* DMMViewController.m in Sources */,
				8AB8CD3B198D6B6400CEA0CD /* main.m in Sources */,
				8AB8CD3F198D6B6400CEA0CD /* DMMAppDelegate.m in Sources */,
			);
			runOnlyForDeploymentPostprocessing = 0;
		};
		8AB8CD48198D6B6500CEA0CD /* Sources */ = {
			isa = PBXSourcesBuildPhase;
			buildActionMask = 2147483647;
			files = (
				8AB8CD5A198D6B6500CEA0CD /* SampleTests.m in Sources */,
			);
			runOnlyForDeploymentPostprocessing = 0;
		};
/* End PBXSourcesBuildPhase section */

/* Begin PBXTargetDependency section */
		8AB8CD52198D6B6500CEA0CD /* PBXTargetDependency */ = {
			isa = PBXTargetDependency;
			target = 8AB8CD2A198D6B6400CEA0CD /* Sample */;
			targetProxy = 8AB8CD51198D6B6500CEA0CD /* PBXContainerItemProxy */;
		};
/* End PBXTargetDependency section */

/* Begin PBXVariantGroup section */
		8AB8CD37198D6B6400CEA0CD /* InfoPlist.strings */ = {
			isa = PBXVariantGroup;
			children = (
				8AB8CD38198D6B6400CEA0CD /* en */,
			);
			name = InfoPlist.strings;
			sourceTree = "<group>";
		};
		8AB8CD40198D6B6400CEA0CD /* Main.storyboard */ = {
			isa = PBXVariantGroup;
			children = (
				8AB8CD41198D6B6400CEA0CD /* Base */,
			);
			name = Main.storyboard;
			sourceTree = "<group>";
		};
		8AB8CD56198D6B6500CEA0CD /* InfoPlist.strings */ = {
			isa = PBXVariantGroup;
			children = (
				8AB8CD57198D6B6500CEA0CD /* en */,
			);
			name = InfoPlist.strings;
			sourceTree = "<group>";
		};
/* End PBXVariantGroup section */

/* Begin XCBuildConfiguration section */
		8AB8CD5B198D6B6500CEA0CD /* Debug */ = {
			isa = XCBuildConfiguration;
			buildSettings = {
				ALWAYS_SEARCH_USER_PATHS = NO;
				CLANG_CXX_LANGUAGE_STANDARD = "gnu++0x";
				CLANG_CXX_LIBRARY = "libc++";
				CLANG_ENABLE_MODULES = YES;
				CLANG_ENABLE_OBJC_ARC = YES;
				CLANG_WARN_BOOL_CONVERSION = YES;
				CLANG_WARN_CONSTANT_CONVERSION = YES;
				CLANG_WARN_DIRECT_OBJC_ISA_USAGE = YES_ERROR;
				CLANG_WARN_EMPTY_BODY = YES;
				CLANG_WARN_ENUM_CONVERSION = YES;
				CLANG_WARN_INT_CONVERSION = YES;
				CLANG_WARN_OBJC_ROOT_CLASS = YES_ERROR;
				CLANG_WARN__DUPLICATE_METHOD_MATCH = YES;
				"CODE_SIGN_IDENTITY[sdk=iphoneos*]" = "iPhone Developer";
				COPY_PHASE_STRIP = NO;
				GCC_C_LANGUAGE_STANDARD = gnu99;
				GCC_DYNAMIC_NO_PIC = NO;
				GCC_OPTIMIZATION_LEVEL = 0;
				GCC_PREPROCESSOR_DEFINITIONS = (
					"DEBUG=1",
					"$(inherited)",
				);
				GCC_SYMBOLS_PRIVATE_EXTERN = NO;
				GCC_WARN_64_TO_32_BIT_CONVERSION = YES;
				GCC_WARN_ABOUT_RETURN_TYPE = YES_ERROR;
				GCC_WARN_UNDECLARED_SELECTOR = YES;
				GCC_WARN_UNINITIALIZED_AUTOS = YES_AGGRESSIVE;
				GCC_WARN_UNUSED_FUNCTION = YES;
				GCC_WARN_UNUSED_VARIABLE = YES;
				IPHONEOS_DEPLOYMENT_TARGET = 7.1;
				ONLY_ACTIVE_ARCH = YES;
				SDKROOT = iphoneos;
			};
			name = Debug;
		};
		8AB8CD5C198D6B6500CEA0CD /* Release */ = {
			isa = XCBuildConfiguration;
			buildSettings = {
				ALWAYS_SEARCH_USER_PATHS = NO;
				CLANG_CXX_LANGUAGE_STANDARD = "gnu++0x";
				CLANG_CXX_LIBRARY = "libc++";
				CLANG_ENABLE_MODULES = YES;
				CLANG_ENABLE_OBJC_ARC = YES;
				CLANG_WARN_BOOL_CONVERSION = YES;
				CLANG_WARN_CONSTANT_CONVERSION = YES;
				CLANG_WARN_DIRECT_OBJC_ISA_USAGE = YES_ERROR;
				CLANG_WARN_EMPTY_BODY = YES;
				CLANG_WARN_ENUM_CONVERSION = YES;
				CLANG_WARN_INT_CONVERSION = YES;
				CLANG_WARN_OBJC_ROOT_CLASS = YES_ERROR;
				CLANG_WARN__DUPLICATE_METHOD_MATCH = YES;
				"CODE_SIGN_IDENTITY[sdk=iphoneos*]" = "iPhone Developer";
				COPY_PHASE_STRIP = YES;
				ENABLE_NS_ASSERTIONS = NO;
				GCC_C_LANGUAGE_STANDARD = gnu99;
				GCC_WARN_64_TO_32_BIT_CONVERSION = YES;
				GCC_WARN_ABOUT_RETURN_TYPE = YES_ERROR;
				GCC_WARN_UNDECLARED_SELECTOR = YES;
				GCC_WARN_UNINITIALIZED_AUTOS = YES_AGGRESSIVE;
				GCC_WARN_UNUSED_FUNCTION = YES;
				GCC_WARN_UNUSED_VARIABLE = YES;
				IPHONEOS_DEPLOYMENT_TARGET = 7.1;
				SDKROOT = iphoneos;
				VALIDATE_PRODUCT = YES;
			};
			name = Release;
		};
		8AB8CD5E198D6B6500CEA0CD /* Debug */ = {
			isa = XCBuildConfiguration;
			buildSettings = {
				ASSETCATALOG_COMPILER_APPICON_NAME = AppIcon;
				ASSETCATALOG_COMPILER_LAUNCHIMAGE_NAME = LaunchImage;
				GCC_PRECOMPILE_PREFIX_HEADER = YES;
				GCC_PREFIX_HEADER = "Sample/Sample-Prefix.pch";
				INFOPLIST_FILE = "Sample/Sample-Info.plist";
				PRODUCT_NAME = "$(TARGET_NAME)";
				WRAPPER_EXTENSION = app;
			};
			name = Debug;
		};
		8AB8CD5F198D6B6500CEA0CD /* Release */ = {
			isa = XCBuildConfiguration;
			buildSettings = {
				ASSETCATALOG_COMPILER_APPICON_NAME = AppIcon;
				ASSETCATALOG_COMPILER_LAUNCHIMAGE_NAME = LaunchImage;
				GCC_PRECOMPILE_PREFIX_HEADER = YES;
				GCC_PREFIX_HEADER = "Sample/Sample-Prefix.pch";
				INFOPLIST_FILE = "Sample/Sample-Info.plist";
				PRODUCT_NAME = "$(TARGET_NAME)";
				WRAPPER_EXTENSION = app;
			};
			name = Release;
		};
		8AB8CD61198D6B6500CEA0CD /* Debug */ = {
			isa = XCBuildConfiguration;
			buildSettings = {
				BUNDLE_LOADER = "$(BUILT_PRODUCTS_DIR)/Sample.app/Sample";
				FRAMEWORK_SEARCH_PATHS = (
					"$(SDKROOT)/Developer/Library/Frameworks",
					"$(inherited)",
					"$(DEVELOPER_FRAMEWORKS_DIR)",
				);
				GCC_PRECOMPILE_PREFIX_HEADER = YES;
				GCC_PREFIX_HEADER = "Sample/Sample-Prefix.pch";
				GCC_PREPROCESSOR_DEFINITIONS = (
					"DEBUG=1",
					"$(inherited)",
				);
				INFOPLIST_FILE = "SampleTests/SampleTests-Info.plist";
				PRODUCT_NAME = "$(TARGET_NAME)";
				TEST_HOST = "$(BUNDLE_LOADER)";
				WRAPPER_EXTENSION = xctest;
			};
			name = Debug;
		};
		8AB8CD62198D6B6500CEA0CD /* Release */ = {
			isa = XCBuildConfiguration;
			buildSettings = {
				BUNDLE_LOADER = "$(BUILT_PRODUCTS_DIR)/Sample.app/Sample";
				FRAMEWORK_SEARCH_PATHS = (
					"$(SDKROOT)/Developer/Library/Frameworks",
					"$(inherited)",
					"$(DEVELOPER_FRAMEWORKS_DIR)",
				);
				GCC_PRECOMPILE_PREFIX_HEADER = YES;
				GCC_PREFIX_HEADER = "Sample/Sample-Prefix.pch";
				INFOPLIST_FILE = "SampleTests/SampleTests-Info.plist";
				PRODUCT_NAME = "$(TARGET_NAME)";
				TEST_HOST = "$(BUNDLE_LOADER)";
				WRAPPER_EXTENSION = xctest;
			};
			name = Release;
		};
/* End XCBuildConfiguration section */

/* Begin XCConfigurationList section */
		8AB8CD26198D6B6400CEA0CD /* Build configuration list for PBXProject "Sample" */ = {
			isa = XCConfigurationList;
			buildConfigurations = (
				8AB8CD5B198D6B6500CEA0CD /* Debug */,
				8AB8CD5C198D6B6500CEA0CD /* Release */,
			);
			defaultConfigurationIsVisible = 0;
			defaultConfigurationName = Release;
		};
		8AB8CD5D198D6B6500CEA0CD /* Build configuration list for PBXNativeTarget "Sample" */ = {
			isa = XCConfigurationList;
			buildConfigurations = (
				8AB8CD5E198D6B6500CEA0CD /* Debug */,
				8AB8CD5F198D6B6500CEA0CD /* Release */,
			);
			defaultConfigurationIsVisible = 0;
		};
		8AB8CD60198D6B6500CEA0CD /* Build configuration list for PBXNativeTarget "SampleTests" */ = {
			isa = XCConfigurationList;
			buildConfigurations = (
				8AB8CD61198D6B6500CEA0CD /* Debug */,
				8AB8CD62198D6B6500CEA0CD /* Release */,
			);
			defaultConfigurationIsVisible = 0;
		};
/* End XCConfigurationList section */
	};
	rootObject = 8AB8CD23198D6B6400CEA0CD /* Project object */;
}
